["rocm4.2"]
["rocm4.2".metadata]
groups = []
strategy = ["static_urls"]

[["rocm4.2".package]]
name = "filelock"
version = "3.14.0"
requires_python = ">=3.8"
summary = "A platform independent file lock."
files = [
    {url = "https://files.pythonhosted.org/packages/06/ae/f8e03746f0b62018dcf1120f5ad0a1db99e55991f2cda0cf46edc8b897ea/filelock-3.14.0.tar.gz", hash = "sha256:6ea72da3be9b8c82afd3edcf99f2fffbb5076335a5ae4d03248bb5b6c3eae78a"},
    {url = "https://files.pythonhosted.org/packages/41/24/0b023b6537dfc9bae2c779353998e3e99ac7dfff4222fc6126650e93c3f3/filelock-3.14.0-py3-none-any.whl", hash = "sha256:43339835842f110ca7ae60f1e1c160714c5a6afd15a2873419ab185334975c0f"},
]

[["rocm4.2".package]]
name = "fsspec"
version = "2024.5.0"
requires_python = ">=3.8"
summary = "File-system specification"
files = [
    {url = "https://files.pythonhosted.org/packages/71/28/cbf337fddd6f22686b7c2639b80e006accd904db152fe333fd98f4cd8d1e/fsspec-2024.5.0.tar.gz", hash = "sha256:1d021b0b0f933e3b3029ed808eb400c08ba101ca2de4b3483fbc9ca23fcee94a"},
    {url = "https://files.pythonhosted.org/packages/ba/a3/16e9fe32187e9c8bc7f9b7bcd9728529faa725231a0c96f2f98714ff2fc5/fsspec-2024.5.0-py3-none-any.whl", hash = "sha256:e0fdbc446d67e182f49a70b82cf7889028a63588fde6b222521f10937b2b670c"},
]

[["rocm4.2".package]]
name = "intel-openmp"
version = "2021.4.0"
summary = "Intel® OpenMP* Runtime Library"
files = [
    {url = "https://download.pytorch.org/whl/intel_openmp-2021.4.0-py2.py3-none-win_amd64.whl", hash = "sha256:eef4c8bcc8acefd7f5cd3b9384dbf73d59e2c99fc56545712ded913f43c4a94f"},
    {url = "https://files.pythonhosted.org/packages/08/a0/eacf78b5d87cec6c6664d018b48d65051bf70bc43098e6fa589b17ae9f48/intel_openmp-2021.4.0-py2.py3-none-manylinux1_x86_64.whl", hash = "sha256:e2240ab8d01472fed04f3544a878cda5da16c26232b7ea1b59132dbfb48b186e"},
    {url = "https://files.pythonhosted.org/packages/45/18/527f247d673ff84c38e0b353b6901539b99e83066cd505be42ad341ab16d/intel_openmp-2021.4.0-py2.py3-none-win32.whl", hash = "sha256:6e863d8fd3d7e8ef389d52cf97a50fe2afe1a19247e8c0d168ce021546f96fc9"},
    {url = "https://files.pythonhosted.org/packages/6f/21/b590c0cc3888b24f2ac9898c41d852d7454a1695fbad34bee85dba6dc408/intel_openmp-2021.4.0-py2.py3-none-win_amd64.whl", hash = "sha256:eef4c8bcc8acefd7f5cd3b9384dbf73d59e2c99fc56545712ded913f43c4a94f"},
    {url = "https://files.pythonhosted.org/packages/97/62/8b06bd5e455110b9dd8cdff4cc85685f4ce206fcbc9513e4fa0791ae1c04/intel_openmp-2021.4.0-py2.py3-none-macosx_10_15_x86_64.macosx_11_0_x86_64.whl", hash = "sha256:41c01e266a7fdb631a7609191709322da2bbf24b252ba763f125dd651bcc7675"},
    {url = "https://files.pythonhosted.org/packages/e6/a7/d0f7074b1f0670d1e3c694e101cf577d5b50fde265146ff11ca73ff1d679/intel_openmp-2021.4.0-py2.py3-none-manylinux1_i686.whl", hash = "sha256:3b921236a38384e2016f0f3d65af6732cf2c12918087128a9163225451e776f2"},
]

[["rocm4.2".package]]
name = "jinja2"
version = "3.1.4"
requires_python = ">=3.7"
summary = "A very fast and expressive template engine."
dependencies = [
    "MarkupSafe>=2.0",
]
files = [
    {url = "https://files.pythonhosted.org/packages/31/80/3a54838c3fb461f6fec263ebf3a3a41771bd05190238de3486aae8540c36/jinja2-3.1.4-py3-none-any.whl", hash = "sha256:bc5dd2abb727a5319567b7a813e6a2e7318c39f4f487cfe6c89c6f9c7d25197d"},
    {url = "https://files.pythonhosted.org/packages/ed/55/39036716d19cab0747a5020fc7e907f362fbf48c984b14e62127f7e68e5d/jinja2-3.1.4.tar.gz", hash = "sha256:4a3aee7acbbe7303aede8e9648d13b8bf88a429282aa6122a993f0ac800cb369"},
]

[["rocm4.2".package]]
name = "markupsafe"
version = "2.1.5"
requires_python = ">=3.7"
summary = "Safely add untrusted strings to HTML/XML markup."
files = [
    {url = "https://download.pytorch.org/whl/MarkupSafe-2.1.5-cp312-cp312-macosx_10_9_universal2.whl", hash = "sha256:8dec4936e9c3100156f8a2dc89c4b88d5c435175ff03413b443469c7c8c5f4d1"},
    {url = "https://download.pytorch.org/whl/MarkupSafe-2.1.5-cp312-cp312-macosx_10_9_x86_64.whl", hash = "sha256:3c6b973f22eb18a789b1460b4b91bf04ae3f0c4234a0a6aa6b0a92f6f7b951d4"},
    {url = "https://download.pytorch.org/whl/MarkupSafe-2.1.5-cp312-cp312-manylinux_2_17_aarch64.manylinux2014_aarch64.whl", hash = "sha256:ac07bad82163452a6884fe8fa0963fb98c2346ba78d779ec06bd7a6262132aee"},
    {url = "https://download.pytorch.org/whl/MarkupSafe-2.1.5-cp312-cp312-manylinux_2_17_x86_64.manylinux2014_x86_64.whl", hash = "sha256:f5dfb42c4604dddc8e4305050aa6deb084540643ed5804d7455b5df8fe16f5e5"},
    {url = "https://download.pytorch.org/whl/MarkupSafe-2.1.5-cp312-cp312-manylinux_2_5_i686.manylinux1_i686.manylinux_2_17_i686.manylinux2014_i686.whl", hash = "sha256:ea3d8a3d18833cf4304cd2fc9cbb1efe188ca9b5efef2bdac7adc20594a0e46b"},
    {url = "https://download.pytorch.org/whl/MarkupSafe-2.1.5-cp312-cp312-win_amd64.whl", hash = "sha256:823b65d8706e32ad2df51ed89496147a42a2a6e01c13cfb6ffb8b1e92bc910bb"},
    {url = "https://files.pythonhosted.org/packages/0a/0d/2454f072fae3b5a137c119abf15465d1771319dfe9e4acbb31722a0fff91/MarkupSafe-2.1.5-cp312-cp312-manylinux_2_17_x86_64.manylinux2014_x86_64.whl", hash = "sha256:f5dfb42c4604dddc8e4305050aa6deb084540643ed5804d7455b5df8fe16f5e5"},
    {url = "https://files.pythonhosted.org/packages/2d/75/fd6cb2e68780f72d47e6671840ca517bda5ef663d30ada7616b0462ad1e3/MarkupSafe-2.1.5-cp312-cp312-manylinux_2_5_i686.manylinux1_i686.manylinux_2_17_i686.manylinux2014_i686.whl", hash = "sha256:ea3d8a3d18833cf4304cd2fc9cbb1efe188ca9b5efef2bdac7adc20594a0e46b"},
    {url = "https://files.pythonhosted.org/packages/3f/14/c3554d512d5f9100a95e737502f4a2323a1959f6d0d01e0d0997b35f7b10/MarkupSafe-2.1.5-cp312-cp312-win_amd64.whl", hash = "sha256:823b65d8706e32ad2df51ed89496147a42a2a6e01c13cfb6ffb8b1e92bc910bb"},
    {url = "https://files.pythonhosted.org/packages/48/d6/e7cd795fc710292c3af3a06d80868ce4b02bfbbf370b7cee11d282815a2a/MarkupSafe-2.1.5-cp312-cp312-macosx_10_9_x86_64.whl", hash = "sha256:3c6b973f22eb18a789b1460b4b91bf04ae3f0c4234a0a6aa6b0a92f6f7b951d4"},
    {url = "https://files.pythonhosted.org/packages/51/b5/5d8ec796e2a08fc814a2c7d2584b55f889a55cf17dd1a90f2beb70744e5c/MarkupSafe-2.1.5-cp312-cp312-manylinux_2_17_aarch64.manylinux2014_aarch64.whl", hash = "sha256:ac07bad82163452a6884fe8fa0963fb98c2346ba78d779ec06bd7a6262132aee"},
    {url = "https://files.pythonhosted.org/packages/53/bd/583bf3e4c8d6a321938c13f49d44024dbe5ed63e0a7ba127e454a66da974/MarkupSafe-2.1.5-cp312-cp312-macosx_10_9_universal2.whl", hash = "sha256:8dec4936e9c3100156f8a2dc89c4b88d5c435175ff03413b443469c7c8c5f4d1"},
    {url = "https://files.pythonhosted.org/packages/87/5b/aae44c6655f3801e81aa3eef09dbbf012431987ba564d7231722f68df02d/MarkupSafe-2.1.5.tar.gz", hash = "sha256:d283d37a890ba4c1ae73ffadf8046435c76e7bc2247bbb63c00bd1a709c6544b"},
    {url = "https://files.pythonhosted.org/packages/88/07/2dc76aa51b481eb96a4c3198894f38b480490e834479611a4053fbf08623/MarkupSafe-2.1.5-cp312-cp312-musllinux_1_1_x86_64.whl", hash = "sha256:58c98fee265677f63a4385256a6d7683ab1832f3ddd1e66fe948d5880c21a169"},
    {url = "https://files.pythonhosted.org/packages/8b/ff/9a52b71839d7a256b563e85d11050e307121000dcebc97df120176b3ad93/MarkupSafe-2.1.5-cp312-cp312-musllinux_1_1_i686.whl", hash = "sha256:bec0a414d016ac1a18862a519e54b2fd0fc8bbfd6890376898a6c0891dd82e9f"},
    {url = "https://files.pythonhosted.org/packages/96/0c/620c1fb3661858c0e37eb3cbffd8c6f732a67cd97296f725789679801b31/MarkupSafe-2.1.5-cp312-cp312-win32.whl", hash = "sha256:8590b4ae07a35970728874632fed7bd57b26b0102df2d2b233b6d9d82f6c62ad"},
    {url = "https://files.pythonhosted.org/packages/b0/81/147c477391c2750e8fc7705829f7351cf1cd3be64406edcf900dc633feb2/MarkupSafe-2.1.5-cp312-cp312-musllinux_1_1_aarch64.whl", hash = "sha256:d050b3361367a06d752db6ead6e7edeb0009be66bc3bae0ee9d97fb326badc2a"},
]

[["rocm4.2".package]]
name = "mkl"
version = "2021.4.0"
summary = "Intel® oneAPI Math Kernel Library"
dependencies = [
    "intel-openmp==2021.*",
    "tbb==2021.*",
]
files = [
    {url = "https://download.pytorch.org/whl/mkl-2021.4.0-py2.py3-none-win_amd64.whl", hash = "sha256:ceef3cafce4c009dd25f65d7ad0d833a0fbadc3d8903991ec92351fe5de1e718"},
    {url = "https://files.pythonhosted.org/packages/21/ee/e739a5d42fdc8a77c57f067814d57e9bd4eaaadb82d5b3186bbe4faddf76/mkl-2021.4.0-py2.py3-none-manylinux1_i686.whl", hash = "sha256:636d07d90e68ccc9630c654d47ce9fdeb036bb46e2b193b3a9ac8cfea683cce5"},
    {url = "https://files.pythonhosted.org/packages/68/08/e5fe13998ed4c08300cea8cd14e249bf17340b1dd6f5b859ed00d3914125/mkl-2021.4.0-py2.py3-none-manylinux1_x86_64.whl", hash = "sha256:398dbf2b0d12acaf54117a5210e8f191827f373d362d796091d161f610c1ebfb"},
    {url = "https://files.pythonhosted.org/packages/b6/b2/b8c755092e3881d6b5ea74be49c7bf3758b6174296626aed39c3416a1b02/mkl-2021.4.0-py2.py3-none-macosx_10_15_x86_64.macosx_11_0_x86_64.whl", hash = "sha256:67460f5cd7e30e405b54d70d1ed3ca78118370b65f7327d495e9c8847705e2fb"},
    {url = "https://files.pythonhosted.org/packages/ce/c6/892fe3bc91e811b78e4f85653864f2d92541d5e5c306b0cb3c2311e9ca64/mkl-2021.4.0-py2.py3-none-win32.whl", hash = "sha256:439c640b269a5668134e3dcbcea4350459c4a8bc46469669b2d67e07e3d330e8"},
    {url = "https://files.pythonhosted.org/packages/fe/1c/5f6dbf18e8b73e0a5472466f0ea8d48ce9efae39bd2ff38cebf8dce61259/mkl-2021.4.0-py2.py3-none-win_amd64.whl", hash = "sha256:ceef3cafce4c009dd25f65d7ad0d833a0fbadc3d8903991ec92351fe5de1e718"},
]

[["rocm4.2".package]]
name = "mpmath"
version = "1.3.0"
summary = "Python library for arbitrary-precision floating-point arithmetic"
files = [
    {url = "https://download.pytorch.org/whl/mpmath-1.3.0-py3-none-any.whl", hash = "sha256:a0b2b9fe80bbcd81a6647ff13108738cfb482d481d826cc0e02f5b35e5c88d2c"},
    {url = "https://files.pythonhosted.org/packages/43/e3/7d92a15f894aa0c9c4b49b8ee9ac9850d6e63b03c9c32c0367a13ae62209/mpmath-1.3.0-py3-none-any.whl", hash = "sha256:a0b2b9fe80bbcd81a6647ff13108738cfb482d481d826cc0e02f5b35e5c88d2c"},
    {url = "https://files.pythonhosted.org/packages/e0/47/dd32fa426cc72114383ac549964eecb20ecfd886d1e5ccf5340b55b02f57/mpmath-1.3.0.tar.gz", hash = "sha256:7a28eb2a9774d00c7bc92411c19a89209d5da7c4c9a9e227be8330a23a25b91f"},
]

[["rocm4.2".package]]
name = "networkx"
version = "3.3"
requires_python = ">=3.10"
summary = "Python package for creating and manipulating graphs and networks"
files = [
    {url = "https://files.pythonhosted.org/packages/04/e6/b164f94c869d6b2c605b5128b7b0cfe912795a87fc90e78533920001f3ec/networkx-3.3.tar.gz", hash = "sha256:0c127d8b2f4865f59ae9cb8aafcd60b5c70f3241ebd66f7defad7c4ab90126c9"},
    {url = "https://files.pythonhosted.org/packages/38/e9/5f72929373e1a0e8d142a130f3f97e6ff920070f87f91c4e13e40e0fba5a/networkx-3.3-py3-none-any.whl", hash = "sha256:28575580c6ebdaf4505b22c6256a2b9de86b316dc63ba9e93abde3d78dfdbcf2"},
]

[["rocm4.2".package]]
name = "sympy"
version = "1.12"
requires_python = ">=3.8"
summary = "Computer algebra system (CAS) in Python"
dependencies = [
    "mpmath>=0.19",
]
files = [
    {url = "https://download.pytorch.org/whl/sympy-1.12-py3-none-any.whl", hash = "sha256:c3588cd4295d0c0f603d0f2ae780587e64e2efeedb3521e46b9bb1d08d184fa5"},
    {url = "https://files.pythonhosted.org/packages/d2/05/e6600db80270777c4a64238a98d442f0fd07cc8915be2a1c16da7f2b9e74/sympy-1.12-py3-none-any.whl", hash = "sha256:c3588cd4295d0c0f603d0f2ae780587e64e2efeedb3521e46b9bb1d08d184fa5"},
    {url = "https://files.pythonhosted.org/packages/e5/57/3485a1a3dff51bfd691962768b14310dae452431754bfc091250be50dd29/sympy-1.12.tar.gz", hash = "sha256:ebf595c8dac3e0fdc4152c51878b498396ec7f30e7a914d6071e674d49420fb8"},
]

[["rocm4.2".package]]
name = "tbb"
version = "2021.12.0"
summary = "Intel® oneAPI Threading Building Blocks (oneTBB)"
files = [
    {url = "https://files.pythonhosted.org/packages/35/a8/5f65d095ebc9c15076d6310ee9c52856ba4739ab345e0972ce4363b787ef/tbb-2021.12.0-py2.py3-none-manylinux1_x86_64.whl", hash = "sha256:a925e9a7c77d3a46ae31c34b0bb7f801c4118e857d137b68f68a8e458fcf2bd7"},
    {url = "https://files.pythonhosted.org/packages/65/e2/247261e360aa7ade3326d3e5411d1072e8728250374b160534ea0e44a2bb/tbb-2021.12.0-py3-none-win32.whl", hash = "sha256:b1725b30c174048edc8be70bd43bb95473f396ce895d91151a474d0fa9f450a8"},
    {url = "https://files.pythonhosted.org/packages/7b/2d/1e1c70fae8ace27e6200fb71c2372a9aeac2baba474b1609d7d466e969b4/tbb-2021.12.0-py3-none-win_amd64.whl", hash = "sha256:fc2772d850229f2f3df85f1109c4844c495a2db7433d38200959ee9265b34789"},
    {url = "https://files.pythonhosted.org/packages/cf/4f/7f9953adb2e2ce79dce42e6197fa5e6e42e0be7701e35c6734464387e941/tbb-2021.12.0-py2.py3-none-manylinux1_i686.whl", hash = "sha256:f2cc9a7f8ababaa506cbff796ce97c3bf91062ba521e15054394f773375d81d8"},
]

[["rocm4.2".package]]
name = "torch"
version = "2.3.0"
requires_python = ">=3.8.0"
summary = "Tensors and Dynamic neural networks in Python with strong GPU acceleration"
dependencies = [
    "filelock",
    "fsspec",
    "jinja2",
    "mkl<=2021.4.0,>=2021.1.1; platform_system == \"Windows\"",
    "networkx",
    "sympy",
    "typing-extensions>=4.8.0",
]
files = [
    {url = "https://download.pytorch.org/whl/cpu-cxx11-abi/torch-2.3.0%2Bcpu.cxx11.abi-cp312-cp312-linux_x86_64.whl", hash = "sha256:d02b2230f2a682ecdb7aafe4b2702c968943744a582ef6913b7364cbd174cf38"},
    {url = "https://download.pytorch.org/whl/cpu/torch-2.3.0%2Bcpu-cp312-cp312-linux_x86_64.whl", hash = "sha256:a8982e52185771591dad577a124a7770f72f288f8ae5833317b1e329c0d2f07e"},
    {url = "https://download.pytorch.org/whl/cpu/torch-2.3.0%2Bcpu-cp312-cp312-win_amd64.whl", hash = "sha256:483131a7997995d867313ee902743084e844e830ab2a0c5e079c61ec2da3cd17"},
    {url = "https://download.pytorch.org/whl/cpu/torch-2.3.0-cp312-cp312-manylinux_2_17_aarch64.manylinux2014_aarch64.whl", hash = "sha256:6e138261af06cd902a826526082ade534b66093b9d8f6ff2d401ce439aa2350c"},
    {url = "https://download.pytorch.org/whl/cpu/torch-2.3.0-cp312-none-macosx_11_0_arm64.whl", hash = "sha256:dca986214267b34065a79000cee54232e62b41dff1ec2cab9abc3fc8b3dee0ad"},
    {url = "https://download.pytorch.org/whl/cu118/torch-2.3.0%2Bcu118-cp312-cp312-linux_x86_64.whl", hash = "sha256:eceaa7ba73df1b0c37d76a5c9eaa1a1ae141512bcae4ed259f2bf06aea591bc3"},
    {url = "https://download.pytorch.org/whl/cu118/torch-2.3.0%2Bcu118-cp312-cp312-win_amd64.whl", hash = "sha256:9c396ea823d5275b806045e3e66a9c2e8382c9fe83a2bcaac1c2bd0f0e45bff4"},
    {url = "https://download.pytorch.org/whl/cu121/torch-2.3.0%2Bcu121-cp312-cp312-linux_x86_64.whl", hash = "sha256:f15b6f549eebc6e6b22b26754e4f1d7e4469bcd2d4ba1eaab57268ad80bcca96"},
    {url = "https://download.pytorch.org/whl/cu121/torch-2.3.0%2Bcu121-cp312-cp312-win_amd64.whl", hash = "sha256:58ac08166e7a3665362960ff013edd06c90a0926de62de47a930c03563b0ac0f"},
    {url = "https://download.pytorch.org/whl/rocm5.7/torch-2.3.0%2Brocm5.7-cp312-cp312-linux_x86_64.whl", hash = "sha256:a3811f67353748ab7e33d106c45322a23ea958f9d4f503c5a830af54cb455461"},
    {url = "https://download.pytorch.org/whl/rocm6.0/torch-2.3.0%2Brocm6.0-cp312-cp312-linux_x86_64.whl", hash = "sha256:992c1ffb65c773a5848e4bbe22235c0386a7915690615ad68a45609228c13269"},
    {url = "https://files.pythonhosted.org/packages/37/04/a5cd83baccbf2d4329990ec06b8abf3a644e1559a7b1f764f42d2cb77d51/torch-2.3.0-cp312-cp312-win_amd64.whl", hash = "sha256:f9b98bf1a3c8af2d4c41f0bf1433920900896c446d1ddc128290ff146d1eb4bd"},
    {url = "https://files.pythonhosted.org/packages/51/03/1abad10990c76bee3703857b1617563b241f87d297ee466dbad922b0c308/torch-2.3.0-cp312-cp312-manylinux1_x86_64.whl", hash = "sha256:b0de2bdc0486ea7b14fc47ff805172df44e421a7318b7c4d92ef589a75d27410"},
    {url = "https://files.pythonhosted.org/packages/55/51/4bdee83e6fa9cca8e3a6cdf81a2695ede9d3fd7148e4fd4188dff142d7b0/torch-2.3.0-cp312-none-macosx_11_0_arm64.whl", hash = "sha256:dca986214267b34065a79000cee54232e62b41dff1ec2cab9abc3fc8b3dee0ad"},
    {url = "https://files.pythonhosted.org/packages/f1/9d/dfe273e19b7165148208bd182fac87488c5a0f7a3318d1646f5f37af872f/torch-2.3.0-cp312-cp312-manylinux2014_aarch64.whl", hash = "sha256:a306c87a3eead1ed47457822c01dfbd459fe2920f2d38cbdf90de18f23f72542"},
]

[["rocm4.2".package]]
name = "typing-extensions"
version = "4.11.0"
requires_python = ">=3.8"
summary = "Backported and Experimental Type Hints for Python 3.8+"
files = [
    {url = "https://files.pythonhosted.org/packages/01/f3/936e209267d6ef7510322191003885de524fc48d1b43269810cd589ceaf5/typing_extensions-4.11.0-py3-none-any.whl", hash = "sha256:c1f94d72897edaf4ce775bb7558d5b79d8126906a14ea5ed1635921406c0387a"},
    {url = "https://files.pythonhosted.org/packages/f6/f3/b827b3ab53b4e3d8513914586dcca61c355fa2ce8252dea4da56e67bf8f2/typing_extensions-4.11.0.tar.gz", hash = "sha256:83f085bd5ca59c80295fc2a82ab5dac679cbe02b9f33f7d83af68e241bea51b0"},
]

["rocm6.0"]
["rocm6.0".metadata]
groups = []
strategy = ["static_urls"]

[["rocm6.0".package]]
name = "filelock"
version = "3.14.0"
requires_python = ">=3.8"
summary = "A platform independent file lock."
files = [
    {url = "https://files.pythonhosted.org/packages/06/ae/f8e03746f0b62018dcf1120f5ad0a1db99e55991f2cda0cf46edc8b897ea/filelock-3.14.0.tar.gz", hash = "sha256:6ea72da3be9b8c82afd3edcf99f2fffbb5076335a5ae4d03248bb5b6c3eae78a"},
    {url = "https://files.pythonhosted.org/packages/41/24/0b023b6537dfc9bae2c779353998e3e99ac7dfff4222fc6126650e93c3f3/filelock-3.14.0-py3-none-any.whl", hash = "sha256:43339835842f110ca7ae60f1e1c160714c5a6afd15a2873419ab185334975c0f"},
]

[["rocm6.0".package]]
name = "fsspec"
version = "2024.5.0"
requires_python = ">=3.8"
summary = "File-system specification"
files = [
    {url = "https://files.pythonhosted.org/packages/71/28/cbf337fddd6f22686b7c2639b80e006accd904db152fe333fd98f4cd8d1e/fsspec-2024.5.0.tar.gz", hash = "sha256:1d021b0b0f933e3b3029ed808eb400c08ba101ca2de4b3483fbc9ca23fcee94a"},
    {url = "https://files.pythonhosted.org/packages/ba/a3/16e9fe32187e9c8bc7f9b7bcd9728529faa725231a0c96f2f98714ff2fc5/fsspec-2024.5.0-py3-none-any.whl", hash = "sha256:e0fdbc446d67e182f49a70b82cf7889028a63588fde6b222521f10937b2b670c"},
]

[["rocm6.0".package]]
name = "intel-openmp"
version = "2021.4.0"
summary = "Intel® OpenMP* Runtime Library"
files = [
    {url = "https://download.pytorch.org/whl/intel_openmp-2021.4.0-py2.py3-none-win_amd64.whl", hash = "sha256:eef4c8bcc8acefd7f5cd3b9384dbf73d59e2c99fc56545712ded913f43c4a94f"},
    {url = "https://files.pythonhosted.org/packages/08/a0/eacf78b5d87cec6c6664d018b48d65051bf70bc43098e6fa589b17ae9f48/intel_openmp-2021.4.0-py2.py3-none-manylinux1_x86_64.whl", hash = "sha256:e2240ab8d01472fed04f3544a878cda5da16c26232b7ea1b59132dbfb48b186e"},
    {url = "https://files.pythonhosted.org/packages/45/18/527f247d673ff84c38e0b353b6901539b99e83066cd505be42ad341ab16d/intel_openmp-2021.4.0-py2.py3-none-win32.whl", hash = "sha256:6e863d8fd3d7e8ef389d52cf97a50fe2afe1a19247e8c0d168ce021546f96fc9"},
    {url = "https://files.pythonhosted.org/packages/6f/21/b590c0cc3888b24f2ac9898c41d852d7454a1695fbad34bee85dba6dc408/intel_openmp-2021.4.0-py2.py3-none-win_amd64.whl", hash = "sha256:eef4c8bcc8acefd7f5cd3b9384dbf73d59e2c99fc56545712ded913f43c4a94f"},
    {url = "https://files.pythonhosted.org/packages/97/62/8b06bd5e455110b9dd8cdff4cc85685f4ce206fcbc9513e4fa0791ae1c04/intel_openmp-2021.4.0-py2.py3-none-macosx_10_15_x86_64.macosx_11_0_x86_64.whl", hash = "sha256:41c01e266a7fdb631a7609191709322da2bbf24b252ba763f125dd651bcc7675"},
    {url = "https://files.pythonhosted.org/packages/e6/a7/d0f7074b1f0670d1e3c694e101cf577d5b50fde265146ff11ca73ff1d679/intel_openmp-2021.4.0-py2.py3-none-manylinux1_i686.whl", hash = "sha256:3b921236a38384e2016f0f3d65af6732cf2c12918087128a9163225451e776f2"},
]

[["rocm6.0".package]]
name = "jinja2"
version = "3.1.4"
requires_python = ">=3.7"
summary = "A very fast and expressive template engine."
dependencies = [
    "MarkupSafe>=2.0",
]
files = [
    {url = "https://files.pythonhosted.org/packages/31/80/3a54838c3fb461f6fec263ebf3a3a41771bd05190238de3486aae8540c36/jinja2-3.1.4-py3-none-any.whl", hash = "sha256:bc5dd2abb727a5319567b7a813e6a2e7318c39f4f487cfe6c89c6f9c7d25197d"},
    {url = "https://files.pythonhosted.org/packages/ed/55/39036716d19cab0747a5020fc7e907f362fbf48c984b14e62127f7e68e5d/jinja2-3.1.4.tar.gz", hash = "sha256:4a3aee7acbbe7303aede8e9648d13b8bf88a429282aa6122a993f0ac800cb369"},
]

[["rocm6.0".package]]
name = "markupsafe"
version = "2.1.5"
requires_python = ">=3.7"
summary = "Safely add untrusted strings to HTML/XML markup."
files = [
    {url = "https://download.pytorch.org/whl/MarkupSafe-2.1.5-cp312-cp312-macosx_10_9_universal2.whl", hash = "sha256:8dec4936e9c3100156f8a2dc89c4b88d5c435175ff03413b443469c7c8c5f4d1"},
    {url = "https://download.pytorch.org/whl/MarkupSafe-2.1.5-cp312-cp312-macosx_10_9_x86_64.whl", hash = "sha256:3c6b973f22eb18a789b1460b4b91bf04ae3f0c4234a0a6aa6b0a92f6f7b951d4"},
    {url = "https://download.pytorch.org/whl/MarkupSafe-2.1.5-cp312-cp312-manylinux_2_17_aarch64.manylinux2014_aarch64.whl", hash = "sha256:ac07bad82163452a6884fe8fa0963fb98c2346ba78d779ec06bd7a6262132aee"},
    {url = "https://download.pytorch.org/whl/MarkupSafe-2.1.5-cp312-cp312-manylinux_2_17_x86_64.manylinux2014_x86_64.whl", hash = "sha256:f5dfb42c4604dddc8e4305050aa6deb084540643ed5804d7455b5df8fe16f5e5"},
    {url = "https://download.pytorch.org/whl/MarkupSafe-2.1.5-cp312-cp312-manylinux_2_5_i686.manylinux1_i686.manylinux_2_17_i686.manylinux2014_i686.whl", hash = "sha256:ea3d8a3d18833cf4304cd2fc9cbb1efe188ca9b5efef2bdac7adc20594a0e46b"},
    {url = "https://download.pytorch.org/whl/MarkupSafe-2.1.5-cp312-cp312-win_amd64.whl", hash = "sha256:823b65d8706e32ad2df51ed89496147a42a2a6e01c13cfb6ffb8b1e92bc910bb"},
    {url = "https://files.pythonhosted.org/packages/0a/0d/2454f072fae3b5a137c119abf15465d1771319dfe9e4acbb31722a0fff91/MarkupSafe-2.1.5-cp312-cp312-manylinux_2_17_x86_64.manylinux2014_x86_64.whl", hash = "sha256:f5dfb42c4604dddc8e4305050aa6deb084540643ed5804d7455b5df8fe16f5e5"},
    {url = "https://files.pythonhosted.org/packages/2d/75/fd6cb2e68780f72d47e6671840ca517bda5ef663d30ada7616b0462ad1e3/MarkupSafe-2.1.5-cp312-cp312-manylinux_2_5_i686.manylinux1_i686.manylinux_2_17_i686.manylinux2014_i686.whl", hash = "sha256:ea3d8a3d18833cf4304cd2fc9cbb1efe188ca9b5efef2bdac7adc20594a0e46b"},
    {url = "https://files.pythonhosted.org/packages/3f/14/c3554d512d5f9100a95e737502f4a2323a1959f6d0d01e0d0997b35f7b10/MarkupSafe-2.1.5-cp312-cp312-win_amd64.whl", hash = "sha256:823b65d8706e32ad2df51ed89496147a42a2a6e01c13cfb6ffb8b1e92bc910bb"},
    {url = "https://files.pythonhosted.org/packages/48/d6/e7cd795fc710292c3af3a06d80868ce4b02bfbbf370b7cee11d282815a2a/MarkupSafe-2.1.5-cp312-cp312-macosx_10_9_x86_64.whl", hash = "sha256:3c6b973f22eb18a789b1460b4b91bf04ae3f0c4234a0a6aa6b0a92f6f7b951d4"},
    {url = "https://files.pythonhosted.org/packages/51/b5/5d8ec796e2a08fc814a2c7d2584b55f889a55cf17dd1a90f2beb70744e5c/MarkupSafe-2.1.5-cp312-cp312-manylinux_2_17_aarch64.manylinux2014_aarch64.whl", hash = "sha256:ac07bad82163452a6884fe8fa0963fb98c2346ba78d779ec06bd7a6262132aee"},
    {url = "https://files.pythonhosted.org/packages/53/bd/583bf3e4c8d6a321938c13f49d44024dbe5ed63e0a7ba127e454a66da974/MarkupSafe-2.1.5-cp312-cp312-macosx_10_9_universal2.whl", hash = "sha256:8dec4936e9c3100156f8a2dc89c4b88d5c435175ff03413b443469c7c8c5f4d1"},
    {url = "https://files.pythonhosted.org/packages/87/5b/aae44c6655f3801e81aa3eef09dbbf012431987ba564d7231722f68df02d/MarkupSafe-2.1.5.tar.gz", hash = "sha256:d283d37a890ba4c1ae73ffadf8046435c76e7bc2247bbb63c00bd1a709c6544b"},
    {url = "https://files.pythonhosted.org/packages/88/07/2dc76aa51b481eb96a4c3198894f38b480490e834479611a4053fbf08623/MarkupSafe-2.1.5-cp312-cp312-musllinux_1_1_x86_64.whl", hash = "sha256:58c98fee265677f63a4385256a6d7683ab1832f3ddd1e66fe948d5880c21a169"},
    {url = "https://files.pythonhosted.org/packages/8b/ff/9a52b71839d7a256b563e85d11050e307121000dcebc97df120176b3ad93/MarkupSafe-2.1.5-cp312-cp312-musllinux_1_1_i686.whl", hash = "sha256:bec0a414d016ac1a18862a519e54b2fd0fc8bbfd6890376898a6c0891dd82e9f"},
    {url = "https://files.pythonhosted.org/packages/96/0c/620c1fb3661858c0e37eb3cbffd8c6f732a67cd97296f725789679801b31/MarkupSafe-2.1.5-cp312-cp312-win32.whl", hash = "sha256:8590b4ae07a35970728874632fed7bd57b26b0102df2d2b233b6d9d82f6c62ad"},
    {url = "https://files.pythonhosted.org/packages/b0/81/147c477391c2750e8fc7705829f7351cf1cd3be64406edcf900dc633feb2/MarkupSafe-2.1.5-cp312-cp312-musllinux_1_1_aarch64.whl", hash = "sha256:d050b3361367a06d752db6ead6e7edeb0009be66bc3bae0ee9d97fb326badc2a"},
]

[["rocm6.0".package]]
name = "mkl"
version = "2021.4.0"
summary = "Intel® oneAPI Math Kernel Library"
dependencies = [
    "intel-openmp==2021.*",
    "tbb==2021.*",
]
files = [
    {url = "https://download.pytorch.org/whl/mkl-2021.4.0-py2.py3-none-win_amd64.whl", hash = "sha256:ceef3cafce4c009dd25f65d7ad0d833a0fbadc3d8903991ec92351fe5de1e718"},
    {url = "https://files.pythonhosted.org/packages/21/ee/e739a5d42fdc8a77c57f067814d57e9bd4eaaadb82d5b3186bbe4faddf76/mkl-2021.4.0-py2.py3-none-manylinux1_i686.whl", hash = "sha256:636d07d90e68ccc9630c654d47ce9fdeb036bb46e2b193b3a9ac8cfea683cce5"},
    {url = "https://files.pythonhosted.org/packages/68/08/e5fe13998ed4c08300cea8cd14e249bf17340b1dd6f5b859ed00d3914125/mkl-2021.4.0-py2.py3-none-manylinux1_x86_64.whl", hash = "sha256:398dbf2b0d12acaf54117a5210e8f191827f373d362d796091d161f610c1ebfb"},
    {url = "https://files.pythonhosted.org/packages/b6/b2/b8c755092e3881d6b5ea74be49c7bf3758b6174296626aed39c3416a1b02/mkl-2021.4.0-py2.py3-none-macosx_10_15_x86_64.macosx_11_0_x86_64.whl", hash = "sha256:67460f5cd7e30e405b54d70d1ed3ca78118370b65f7327d495e9c8847705e2fb"},
    {url = "https://files.pythonhosted.org/packages/ce/c6/892fe3bc91e811b78e4f85653864f2d92541d5e5c306b0cb3c2311e9ca64/mkl-2021.4.0-py2.py3-none-win32.whl", hash = "sha256:439c640b269a5668134e3dcbcea4350459c4a8bc46469669b2d67e07e3d330e8"},
    {url = "https://files.pythonhosted.org/packages/fe/1c/5f6dbf18e8b73e0a5472466f0ea8d48ce9efae39bd2ff38cebf8dce61259/mkl-2021.4.0-py2.py3-none-win_amd64.whl", hash = "sha256:ceef3cafce4c009dd25f65d7ad0d833a0fbadc3d8903991ec92351fe5de1e718"},
]

[["rocm6.0".package]]
name = "mpmath"
version = "1.3.0"
summary = "Python library for arbitrary-precision floating-point arithmetic"
files = [
    {url = "https://download.pytorch.org/whl/mpmath-1.3.0-py3-none-any.whl", hash = "sha256:a0b2b9fe80bbcd81a6647ff13108738cfb482d481d826cc0e02f5b35e5c88d2c"},
    {url = "https://files.pythonhosted.org/packages/43/e3/7d92a15f894aa0c9c4b49b8ee9ac9850d6e63b03c9c32c0367a13ae62209/mpmath-1.3.0-py3-none-any.whl", hash = "sha256:a0b2b9fe80bbcd81a6647ff13108738cfb482d481d826cc0e02f5b35e5c88d2c"},
    {url = "https://files.pythonhosted.org/packages/e0/47/dd32fa426cc72114383ac549964eecb20ecfd886d1e5ccf5340b55b02f57/mpmath-1.3.0.tar.gz", hash = "sha256:7a28eb2a9774d00c7bc92411c19a89209d5da7c4c9a9e227be8330a23a25b91f"},
]

[["rocm6.0".package]]
name = "networkx"
version = "3.3"
requires_python = ">=3.10"
summary = "Python package for creating and manipulating graphs and networks"
files = [
    {url = "https://files.pythonhosted.org/packages/04/e6/b164f94c869d6b2c605b5128b7b0cfe912795a87fc90e78533920001f3ec/networkx-3.3.tar.gz", hash = "sha256:0c127d8b2f4865f59ae9cb8aafcd60b5c70f3241ebd66f7defad7c4ab90126c9"},
    {url = "https://files.pythonhosted.org/packages/38/e9/5f72929373e1a0e8d142a130f3f97e6ff920070f87f91c4e13e40e0fba5a/networkx-3.3-py3-none-any.whl", hash = "sha256:28575580c6ebdaf4505b22c6256a2b9de86b316dc63ba9e93abde3d78dfdbcf2"},
]

[["rocm6.0".package]]
name = "sympy"
version = "1.12"
requires_python = ">=3.8"
summary = "Computer algebra system (CAS) in Python"
dependencies = [
    "mpmath>=0.19",
]
files = [
    {url = "https://download.pytorch.org/whl/sympy-1.12-py3-none-any.whl", hash = "sha256:c3588cd4295d0c0f603d0f2ae780587e64e2efeedb3521e46b9bb1d08d184fa5"},
    {url = "https://files.pythonhosted.org/packages/d2/05/e6600db80270777c4a64238a98d442f0fd07cc8915be2a1c16da7f2b9e74/sympy-1.12-py3-none-any.whl", hash = "sha256:c3588cd4295d0c0f603d0f2ae780587e64e2efeedb3521e46b9bb1d08d184fa5"},
    {url = "https://files.pythonhosted.org/packages/e5/57/3485a1a3dff51bfd691962768b14310dae452431754bfc091250be50dd29/sympy-1.12.tar.gz", hash = "sha256:ebf595c8dac3e0fdc4152c51878b498396ec7f30e7a914d6071e674d49420fb8"},
]

[["rocm6.0".package]]
name = "tbb"
version = "2021.12.0"
summary = "Intel® oneAPI Threading Building Blocks (oneTBB)"
files = [
    {url = "https://files.pythonhosted.org/packages/35/a8/5f65d095ebc9c15076d6310ee9c52856ba4739ab345e0972ce4363b787ef/tbb-2021.12.0-py2.py3-none-manylinux1_x86_64.whl", hash = "sha256:a925e9a7c77d3a46ae31c34b0bb7f801c4118e857d137b68f68a8e458fcf2bd7"},
    {url = "https://files.pythonhosted.org/packages/65/e2/247261e360aa7ade3326d3e5411d1072e8728250374b160534ea0e44a2bb/tbb-2021.12.0-py3-none-win32.whl", hash = "sha256:b1725b30c174048edc8be70bd43bb95473f396ce895d91151a474d0fa9f450a8"},
    {url = "https://files.pythonhosted.org/packages/7b/2d/1e1c70fae8ace27e6200fb71c2372a9aeac2baba474b1609d7d466e969b4/tbb-2021.12.0-py3-none-win_amd64.whl", hash = "sha256:fc2772d850229f2f3df85f1109c4844c495a2db7433d38200959ee9265b34789"},
    {url = "https://files.pythonhosted.org/packages/cf/4f/7f9953adb2e2ce79dce42e6197fa5e6e42e0be7701e35c6734464387e941/tbb-2021.12.0-py2.py3-none-manylinux1_i686.whl", hash = "sha256:f2cc9a7f8ababaa506cbff796ce97c3bf91062ba521e15054394f773375d81d8"},
]

[["rocm6.0".package]]
name = "torch"
version = "2.3.0"
requires_python = ">=3.8.0"
summary = "Tensors and Dynamic neural networks in Python with strong GPU acceleration"
dependencies = [
    "filelock",
    "fsspec",
    "jinja2",
    "mkl<=2021.4.0,>=2021.1.1; platform_system == \"Windows\"",
    "networkx",
    "sympy",
    "typing-extensions>=4.8.0",
]
files = [
    {url = "https://download.pytorch.org/whl/cpu-cxx11-abi/torch-2.3.0%2Bcpu.cxx11.abi-cp312-cp312-linux_x86_64.whl", hash = "sha256:d02b2230f2a682ecdb7aafe4b2702c968943744a582ef6913b7364cbd174cf38"},
    {url = "https://download.pytorch.org/whl/cpu/torch-2.3.0%2Bcpu-cp312-cp312-linux_x86_64.whl", hash = "sha256:a8982e52185771591dad577a124a7770f72f288f8ae5833317b1e329c0d2f07e"},
    {url = "https://download.pytorch.org/whl/cpu/torch-2.3.0%2Bcpu-cp312-cp312-win_amd64.whl", hash = "sha256:483131a7997995d867313ee902743084e844e830ab2a0c5e079c61ec2da3cd17"},
    {url = "https://download.pytorch.org/whl/cpu/torch-2.3.0-cp312-cp312-manylinux_2_17_aarch64.manylinux2014_aarch64.whl", hash = "sha256:6e138261af06cd902a826526082ade534b66093b9d8f6ff2d401ce439aa2350c"},
    {url = "https://download.pytorch.org/whl/cpu/torch-2.3.0-cp312-none-macosx_11_0_arm64.whl", hash = "sha256:dca986214267b34065a79000cee54232e62b41dff1ec2cab9abc3fc8b3dee0ad"},
    {url = "https://download.pytorch.org/whl/cu118/torch-2.3.0%2Bcu118-cp312-cp312-linux_x86_64.whl", hash = "sha256:eceaa7ba73df1b0c37d76a5c9eaa1a1ae141512bcae4ed259f2bf06aea591bc3"},
    {url = "https://download.pytorch.org/whl/cu118/torch-2.3.0%2Bcu118-cp312-cp312-win_amd64.whl", hash = "sha256:9c396ea823d5275b806045e3e66a9c2e8382c9fe83a2bcaac1c2bd0f0e45bff4"},
    {url = "https://download.pytorch.org/whl/cu121/torch-2.3.0%2Bcu121-cp312-cp312-linux_x86_64.whl", hash = "sha256:f15b6f549eebc6e6b22b26754e4f1d7e4469bcd2d4ba1eaab57268ad80bcca96"},
    {url = "https://download.pytorch.org/whl/cu121/torch-2.3.0%2Bcu121-cp312-cp312-win_amd64.whl", hash = "sha256:58ac08166e7a3665362960ff013edd06c90a0926de62de47a930c03563b0ac0f"},
    {url = "https://download.pytorch.org/whl/rocm5.7/torch-2.3.0%2Brocm5.7-cp312-cp312-linux_x86_64.whl", hash = "sha256:a3811f67353748ab7e33d106c45322a23ea958f9d4f503c5a830af54cb455461"},
    {url = "https://download.pytorch.org/whl/rocm6.0/torch-2.3.0%2Brocm6.0-cp312-cp312-linux_x86_64.whl", hash = "sha256:992c1ffb65c773a5848e4bbe22235c0386a7915690615ad68a45609228c13269"},
    {url = "https://files.pythonhosted.org/packages/37/04/a5cd83baccbf2d4329990ec06b8abf3a644e1559a7b1f764f42d2cb77d51/torch-2.3.0-cp312-cp312-win_amd64.whl", hash = "sha256:f9b98bf1a3c8af2d4c41f0bf1433920900896c446d1ddc128290ff146d1eb4bd"},
    {url = "https://files.pythonhosted.org/packages/51/03/1abad10990c76bee3703857b1617563b241f87d297ee466dbad922b0c308/torch-2.3.0-cp312-cp312-manylinux1_x86_64.whl", hash = "sha256:b0de2bdc0486ea7b14fc47ff805172df44e421a7318b7c4d92ef589a75d27410"},
    {url = "https://files.pythonhosted.org/packages/55/51/4bdee83e6fa9cca8e3a6cdf81a2695ede9d3fd7148e4fd4188dff142d7b0/torch-2.3.0-cp312-none-macosx_11_0_arm64.whl", hash = "sha256:dca986214267b34065a79000cee54232e62b41dff1ec2cab9abc3fc8b3dee0ad"},
    {url = "https://files.pythonhosted.org/packages/f1/9d/dfe273e19b7165148208bd182fac87488c5a0f7a3318d1646f5f37af872f/torch-2.3.0-cp312-cp312-manylinux2014_aarch64.whl", hash = "sha256:a306c87a3eead1ed47457822c01dfbd459fe2920f2d38cbdf90de18f23f72542"},
]

[["rocm6.0".package]]
name = "typing-extensions"
version = "4.11.0"
requires_python = ">=3.8"
summary = "Backported and Experimental Type Hints for Python 3.8+"
files = [
    {url = "https://files.pythonhosted.org/packages/01/f3/936e209267d6ef7510322191003885de524fc48d1b43269810cd589ceaf5/typing_extensions-4.11.0-py3-none-any.whl", hash = "sha256:c1f94d72897edaf4ce775bb7558d5b79d8126906a14ea5ed1635921406c0387a"},
    {url = "https://files.pythonhosted.org/packages/f6/f3/b827b3ab53b4e3d8513914586dcca61c355fa2ce8252dea4da56e67bf8f2/typing_extensions-4.11.0.tar.gz", hash = "sha256:83f085bd5ca59c80295fc2a82ab5dac679cbe02b9f33f7d83af68e241bea51b0"},
]

[metadata]
lock_version = "4.4.1"
content_hash = "sha256:6f8b4890fa91fbbb3c3f0bdfd60adec605569359abd9df026cc6060bb446dde4"
